
Microsoft Visual Studio Solution File, Format Version 12.00
# Visual Studio 14
VisualStudioVersion = 14.0.23107.0
MinimumVisualStudioVersion = 10.0.40219.1
Project("{FAE04EC0-301F-11D3-BF4B-00C04F79EFBC}") = "EquinityTest", "EquinityTest\EquinityTest.csproj", "{9B60B78E-7960-4237-9BA6-E7ADF5FA7C6E}"
EndProject
Project("{FAE04EC0-301F-11D3-BF4B-00C04F79EFBC}") = "EquinityTest.Tests", "EquinityTest.Tests\EquinityTest.Tests.csproj", "{7458EC3C-D6D6-4A64-BF09-7A310D7AEA6C}"
EndProject
Global
	GlobalSection(SolutionConfigurationPlatforms) = preSolution
		Debug|Any CPU = Debug|Any CPU
		Release|Any CPU = Release|Any CPU
	EndGlobalSection
	GlobalSection(ProjectConfigurationPlatforms) = postSolution
		{9B60B78E-7960-4237-9BA6-E7ADF5FA7C6E}.Debug|Any CPU.ActiveCfg = Debug|Any CPU
		{9B60B78E-7960-4237-9BA6-E7ADF5FA7C6E}.Debug|Any CPU.Build.0 = Debug|Any CPU
		{9B60B78E-7960-4237-9BA6-E7ADF5FA7C6E}.Release|Any CPU.ActiveCfg = Release|Any CPU
		{9B60B78E-7960-4237-9BA6-E7ADF5FA7C6E}.Release|Any CPU.Build.0 = Release|Any CPU
		{7458EC3C-D6D6-4A64-BF09-7A310D7AEA6C}.Debug|Any CPU.ActiveCfg = Debug|Any CPU
		{7458EC3C-D6D6-4A64-BF09-7A310D7AEA6C}.Debug|Any CPU.Build.0 = Debug|Any CPU
		{7458EC3C-D6D6-4A64-BF09-7A310D7AEA6C}.Release|Any CPU.ActiveCfg = Release|Any CPU
		{7458EC3C-D6D6-4A64-BF09-7A310D7AEA6C}.Release|Any CPU.Build.0 = Release|Any CPU
	EndGlobalSection
	GlobalSection(SolutionProperties) = preSolution
		HideSolutionNode = FALSE
	EndGlobalSection
EndGlobal
